// !$*UTF8*$!
{
	archiveVersion = 1;
	classes = {
	};
	objectVersion = 46;
	objects = {

/* Begin PBXBuildFile section */
		8E410CD31B02507600400308 /* TableViewCell.swift in Sources */ = {isa = PBXBuildFile; fileRef = 8E410CD11B02507600400308 /* TableViewCell.swift */; };
		8E410CD41B02507600400308 /* TableViewCell.xib in Resources */ = {isa = PBXBuildFile; fileRef = 8E410CD21B02507600400308 /* TableViewCell.xib */; };
		8E5E40181AD011AA0034415C /* WelcomeViewController.swift in Sources */ = {isa = PBXBuildFile; fileRef = 8E5E40171AD011AA0034415C /* WelcomeViewController.swift */; };
		8E5E401A1AD011CE0034415C /* SpectatorViewController.swift in Sources */ = {isa = PBXBuildFile; fileRef = 8E5E40191AD011CE0034415C /* SpectatorViewController.swift */; };
		8E5E40201AD01AD00034415C /* PerformerIdentity.swift in Sources */ = {isa = PBXBuildFile; fileRef = 8E5E401F1AD01AD00034415C /* PerformerIdentity.swift */; };
		8E5E40231AD01AE90034415C /* SpectatorIdentity.swift in Sources */ = {isa = PBXBuildFile; fileRef = 8E5E40221AD01AE90034415C /* SpectatorIdentity.swift */; };
		8EBBCC2B1ACFC99900DD76AC /* AppDelegate.swift in Sources */ = {isa = PBXBuildFile; fileRef = 8EBBCC2A1ACFC99900DD76AC /* AppDelegate.swift */; };
		8EBBCC321ACFC99900DD76AC /* Images.xcassets in Resources */ = {isa = PBXBuildFile; fileRef = 8EBBCC311ACFC99900DD76AC /* Images.xcassets */; };
		8EBBCC351ACFC99900DD76AC /* LaunchScreen.xib in Resources */ = {isa = PBXBuildFile; fileRef = 8EBBCC331ACFC99900DD76AC /* LaunchScreen.xib */; };
		8EBBCC411ACFC99900DD76AC /* TipYaTests.swift in Sources */ = {isa = PBXBuildFile; fileRef = 8EBBCC401ACFC99900DD76AC /* TipYaTests.swift */; };
		8EBBCC641ACFEB0500DD76AC /* libicucore.dylib in Frameworks */ = {isa = PBXBuildFile; fileRef = 8EBBCC631ACFEB0500DD76AC /* libicucore.dylib */; };
		8EBBCC671ACFEB3B00DD76AC /* libc++.dylib in Frameworks */ = {isa = PBXBuildFile; fileRef = 8EBBCC661ACFEB3B00DD76AC /* libc++.dylib */; };
		8EBBCC691ACFEB4300DD76AC /* CFNetwork.framework in Frameworks */ = {isa = PBXBuildFile; fileRef = 8EBBCC681ACFEB4300DD76AC /* CFNetwork.framework */; };
		8EBBCC6B1ACFEB4B00DD76AC /* Security.framework in Frameworks */ = {isa = PBXBuildFile; fileRef = 8EBBCC6A1ACFEB4B00DD76AC /* Security.framework */; };
		8EBBCC6D1ACFEB5300DD76AC /* SystemConfiguration.framework in Frameworks */ = {isa = PBXBuildFile; fileRef = 8EBBCC6C1ACFEB5300DD76AC /* SystemConfiguration.framework */; };
		8EBBCC6F1ACFEB6000DD76AC /* Firebase.framework in Frameworks */ = {isa = PBXBuildFile; fileRef = 8EBBCC6E1ACFEB6000DD76AC /* Firebase.framework */; };
		8EBBCC741ACFECED00DD76AC /* FirebaseUtility.swift in Sources */ = {isa = PBXBuildFile; fileRef = 8EBBCC731ACFECED00DD76AC /* FirebaseUtility.swift */; };
		8EBBCC781ACFECFE00DD76AC /* Bluetooth.swift in Sources */ = {isa = PBXBuildFile; fileRef = 8EBBCC771ACFECFE00DD76AC /* Bluetooth.swift */; };
		8ED210741ADF54ED0017A2D2 /* Main_iPhone_6.storyboard in Resources */ = {isa = PBXBuildFile; fileRef = 8ED210721ADF54ED0017A2D2 /* Main_iPhone_6.storyboard */; };
		8EED97031B01F11F009A3836 /* ColorPalette.swift in Sources */ = {isa = PBXBuildFile; fileRef = 8EED97021B01F11F009A3836 /* ColorPalette.swift */; };
		D01FD9FA1AD0343A00C999C6 /* PerformanceControlViewController.swift in Sources */ = {isa = PBXBuildFile; fileRef = D01FD9F91AD0343A00C999C6 /* PerformanceControlViewController.swift */; };
		D01FD9FE1AD06C6000C999C6 /* PerformerInfoViewController.swift in Sources */ = {isa = PBXBuildFile; fileRef = D01FD9FD1AD06C6000C999C6 /* PerformerInfoViewController.swift */; };
		D03012861AD0244B001F8549 /* PerformerLoginViewController.swift in Sources */ = {isa = PBXBuildFile; fileRef = D03012851AD0244B001F8549 /* PerformerLoginViewController.swift */; };
		D05DE26F1AD0E80C00632353 /* SwiftyJSON.swift in Sources */ = {isa = PBXBuildFile; fileRef = D05DE26E1AD0E80C00632353 /* SwiftyJSON.swift */; };
/* End PBXBuildFile section */

/* Begin PBXContainerItemProxy section */
		8EBBCC3B1ACFC99900DD76AC /* PBXContainerItemProxy */ = {
			isa = PBXContainerItemProxy;
			containerPortal = 8EBBCC1D1ACFC99900DD76AC /* Project object */;
			proxyType = 1;
			remoteGlobalIDString = 8EBBCC241ACFC99900DD76AC;
			remoteInfo = TipYa;
		};
/* End PBXContainerItemProxy section */

/* Begin PBXFileReference section */
		8E410CD11B02507600400308 /* TableViewCell.swift */ = {isa = PBXFileReference; fileEncoding = 4; lastKnownFileType = sourcecode.swift; path = TableViewCell.swift; sourceTree = "<group>"; };
		8E410CD21B02507600400308 /* TableViewCell.xib */ = {isa = PBXFileReference; fileEncoding = 4; lastKnownFileType = file.xib; path = TableViewCell.xib; sourceTree = "<group>"; };
		8E5E40171AD011AA0034415C /* WelcomeViewController.swift */ = {isa = PBXFileReference; fileEncoding = 4; lastKnownFileType = sourcecode.swift; path = WelcomeViewController.swift; sourceTree = "<group>"; };
		8E5E40191AD011CE0034415C /* SpectatorViewController.swift */ = {isa = PBXFileReference; fileEncoding = 4; lastKnownFileType = sourcecode.swift; path = SpectatorViewController.swift; sourceTree = "<group>"; };
		8E5E401F1AD01AD00034415C /* PerformerIdentity.swift */ = {isa = PBXFileReference; fileEncoding = 4; lastKnownFileType = sourcecode.swift; path = PerformerIdentity.swift; sourceTree = "<group>"; };
		8E5E40221AD01AE90034415C /* SpectatorIdentity.swift */ = {isa = PBXFileReference; fileEncoding = 4; lastKnownFileType = sourcecode.swift; path = SpectatorIdentity.swift; sourceTree = "<group>"; };
		8EBBCC251ACFC99900DD76AC /* TipYa.app */ = {isa = PBXFileReference; explicitFileType = wrapper.application; includeInIndex = 0; path = TipYa.app; sourceTree = BUILT_PRODUCTS_DIR; };
		8EBBCC291ACFC99900DD76AC /* Info.plist */ = {isa = PBXFileReference; lastKnownFileType = text.plist.xml; path = Info.plist; sourceTree = "<group>"; };
		8EBBCC2A1ACFC99900DD76AC /* AppDelegate.swift */ = {isa = PBXFileReference; lastKnownFileType = sourcecode.swift; path = AppDelegate.swift; sourceTree = "<group>"; };
		8EBBCC311ACFC99900DD76AC /* Images.xcassets */ = {isa = PBXFileReference; lastKnownFileType = folder.assetcatalog; path = Images.xcassets; sourceTree = "<group>"; };
		8EBBCC341ACFC99900DD76AC /* Base */ = {isa = PBXFileReference; lastKnownFileType = file.xib; name = Base; path = Base.lproj/LaunchScreen.xib; sourceTree = "<group>"; };
		8EBBCC3A1ACFC99900DD76AC /* TipYaTests.xctest */ = {isa = PBXFileReference; explicitFileType = wrapper.cfbundle; includeInIndex = 0; path = TipYaTests.xctest; sourceTree = BUILT_PRODUCTS_DIR; };
		8EBBCC3F1ACFC99900DD76AC /* Info.plist */ = {isa = PBXFileReference; lastKnownFileType = text.plist.xml; path = Info.plist; sourceTree = "<group>"; };
		8EBBCC401ACFC99900DD76AC /* TipYaTests.swift */ = {isa = PBXFileReference; lastKnownFileType = sourcecode.swift; path = TipYaTests.swift; sourceTree = "<group>"; };
		8EBBCC631ACFEB0500DD76AC /* libicucore.dylib */ = {isa = PBXFileReference; lastKnownFileType = "compiled.mach-o.dylib"; name = libicucore.dylib; path = usr/lib/libicucore.dylib; sourceTree = SDKROOT; };
		8EBBCC661ACFEB3B00DD76AC /* libc++.dylib */ = {isa = PBXFileReference; lastKnownFileType = "compiled.mach-o.dylib"; name = "libc++.dylib"; path = "usr/lib/libc++.dylib"; sourceTree = SDKROOT; };
		8EBBCC681ACFEB4300DD76AC /* CFNetwork.framework */ = {isa = PBXFileReference; lastKnownFileType = wrapper.framework; name = CFNetwork.framework; path = System/Library/Frameworks/CFNetwork.framework; sourceTree = SDKROOT; };
		8EBBCC6A1ACFEB4B00DD76AC /* Security.framework */ = {isa = PBXFileReference; lastKnownFileType = wrapper.framework; name = Security.framework; path = System/Library/Frameworks/Security.framework; sourceTree = SDKROOT; };
		8EBBCC6C1ACFEB5300DD76AC /* SystemConfiguration.framework */ = {isa = PBXFileReference; lastKnownFileType = wrapper.framework; name = SystemConfiguration.framework; path = System/Library/Frameworks/SystemConfiguration.framework; sourceTree = SDKROOT; };
		8EBBCC6E1ACFEB6000DD76AC /* Firebase.framework */ = {isa = PBXFileReference; lastKnownFileType = wrapper.framework; path = Firebase.framework; sourceTree = "<group>"; };
		8EBBCC701ACFEC2B00DD76AC /* TipYa-Bridging-Header.h */ = {isa = PBXFileReference; lastKnownFileType = sourcecode.c.h; path = "TipYa-Bridging-Header.h"; sourceTree = SOURCE_ROOT; };
		8EBBCC731ACFECED00DD76AC /* FirebaseUtility.swift */ = {isa = PBXFileReference; fileEncoding = 4; lastKnownFileType = sourcecode.swift; path = FirebaseUtility.swift; sourceTree = "<group>"; };
		8EBBCC771ACFECFE00DD76AC /* Bluetooth.swift */ = {isa = PBXFileReference; fileEncoding = 4; lastKnownFileType = sourcecode.swift; path = Bluetooth.swift; sourceTree = "<group>"; };
		8ED210731ADF54ED0017A2D2 /* Base */ = {isa = PBXFileReference; lastKnownFileType = file.storyboard; name = Base; path = Base.lproj/Main_iPhone_6.storyboard; sourceTree = "<group>"; };
		8EED97021B01F11F009A3836 /* ColorPalette.swift */ = {isa = PBXFileReference; fileEncoding = 4; lastKnownFileType = sourcecode.swift; path = ColorPalette.swift; sourceTree = "<group>"; };
		D01FD9F91AD0343A00C999C6 /* PerformanceControlViewController.swift */ = {isa = PBXFileReference; fileEncoding = 4; lastKnownFileType = sourcecode.swift; path = PerformanceControlViewController.swift; sourceTree = "<group>"; };
		D01FD9FD1AD06C6000C999C6 /* PerformerInfoViewController.swift */ = {isa = PBXFileReference; fileEncoding = 4; lastKnownFileType = sourcecode.swift; path = PerformerInfoViewController.swift; sourceTree = "<group>"; };
		D03012851AD0244B001F8549 /* PerformerLoginViewController.swift */ = {isa = PBXFileReference; fileEncoding = 4; lastKnownFileType = sourcecode.swift; path = PerformerLoginViewController.swift; sourceTree = "<group>"; };
		D05DE26E1AD0E80C00632353 /* SwiftyJSON.swift */ = {isa = PBXFileReference; fileEncoding = 4; lastKnownFileType = sourcecode.swift; path = SwiftyJSON.swift; sourceTree = "<group>"; };
/* End PBXFileReference section */

/* Begin PBXFrameworksBuildPhase section */
		8EBBCC221ACFC99900DD76AC /* Frameworks */ = {
			isa = PBXFrameworksBuildPhase;
			buildActionMask = 2147483647;
			files = (
				8EBBCC6F1ACFEB6000DD76AC /* Firebase.framework in Frameworks */,
				8EBBCC6D1ACFEB5300DD76AC /* SystemConfiguration.framework in Frameworks */,
				8EBBCC6B1ACFEB4B00DD76AC /* Security.framework in Frameworks */,
				8EBBCC691ACFEB4300DD76AC /* CFNetwork.framework in Frameworks */,
				8EBBCC671ACFEB3B00DD76AC /* libc++.dylib in Frameworks */,
				8EBBCC641ACFEB0500DD76AC /* libicucore.dylib in Frameworks */,
			);
			runOnlyForDeploymentPostprocessing = 0;
		};
		8EBBCC371ACFC99900DD76AC /* Frameworks */ = {
			isa = PBXFrameworksBuildPhase;
			buildActionMask = 2147483647;
			files = (
			);
			runOnlyForDeploymentPostprocessing = 0;
		};
/* End PBXFrameworksBuildPhase section */

/* Begin PBXGroup section */
		8E34B5891B02C3B500EA687F /* SpectatorViews */ = {
			isa = PBXGroup;
			children = (
				8E5E40191AD011CE0034415C /* SpectatorViewController.swift */,
				D01FD9FD1AD06C6000C999C6 /* PerformerInfoViewController.swift */,
				8E410CD11B02507600400308 /* TableViewCell.swift */,
				8E410CD21B02507600400308 /* TableViewCell.xib */,
			);
			name = SpectatorViews;
			sourceTree = "<group>";
		};
		8E5E40211AD01ADB0034415C /* UserIdentities */ = {
			isa = PBXGroup;
			children = (
				8E5E401F1AD01AD00034415C /* PerformerIdentity.swift */,
				8E5E40221AD01AE90034415C /* SpectatorIdentity.swift */,
			);
			name = UserIdentities;
			sourceTree = "<group>";
		};
		8E7ED4291AFAF48100C1F01F /* PerformerViews */ = {
			isa = PBXGroup;
			children = (
				D01FD9F91AD0343A00C999C6 /* PerformanceControlViewController.swift */,
				D03012851AD0244B001F8549 /* PerformerLoginViewController.swift */,
			);
			name = PerformerViews;
			sourceTree = "<group>";
		};
		8EBBCC1C1ACFC99900DD76AC = {
			isa = PBXGroup;
			children = (
				8EBBCC271ACFC99900DD76AC /* TipYa */,
				8EBBCC3D1ACFC99900DD76AC /* TipYaTests */,
				8EBBCC651ACFEB2B00DD76AC /* Frameworks */,
				8EBBCC261ACFC99900DD76AC /* Products */,
			);
			sourceTree = "<group>";
		};
		8EBBCC261ACFC99900DD76AC /* Products */ = {
			isa = PBXGroup;
			children = (
				8EBBCC251ACFC99900DD76AC /* TipYa.app */,
				8EBBCC3A1ACFC99900DD76AC /* TipYaTests.xctest */,
			);
			name = Products;
			sourceTree = "<group>";
		};
		8EBBCC271ACFC99900DD76AC /* TipYa */ = {
			isa = PBXGroup;
			children = (
				8ED210721ADF54ED0017A2D2 /* Main_iPhone_6.storyboard */,
				8EBBCC701ACFEC2B00DD76AC /* TipYa-Bridging-Header.h */,
				8EBBCC2A1ACFC99900DD76AC /* AppDelegate.swift */,
				D05DE2701AD0E82200632353 /* SwiftyJSON */,
				8EBBCC7A1ACFED0600DD76AC /* Bluetooth */,
				8EBBCC761ACFECF300DD76AC /* Firebase */,
				8EBBCC7B1ACFED1A00DD76AC /* ViewControllers */,
				8E5E40211AD01ADB0034415C /* UserIdentities */,
				8EED97021B01F11F009A3836 /* ColorPalette.swift */,
				8EBBCC311ACFC99900DD76AC /* Images.xcassets */,
				8EBBCC331ACFC99900DD76AC /* LaunchScreen.xib */,
				8EBBCC281ACFC99900DD76AC /* Supporting Files */,
			);
			path = TipYa;
			sourceTree = "<group>";
		};
		8EBBCC281ACFC99900DD76AC /* Supporting Files */ = {
			isa = PBXGroup;
			children = (
				8EBBCC291ACFC99900DD76AC /* Info.plist */,
			);
			name = "Supporting Files";
			sourceTree = "<group>";
		};
		8EBBCC3D1ACFC99900DD76AC /* TipYaTests */ = {
			isa = PBXGroup;
			children = (
				8EBBCC401ACFC99900DD76AC /* TipYaTests.swift */,
				8EBBCC3E1ACFC99900DD76AC /* Supporting Files */,
			);
			path = TipYaTests;
			sourceTree = "<group>";
		};
		8EBBCC3E1ACFC99900DD76AC /* Supporting Files */ = {
			isa = PBXGroup;
			children = (
				8EBBCC3F1ACFC99900DD76AC /* Info.plist */,
			);
			name = "Supporting Files";
			sourceTree = "<group>";
		};
		8EBBCC651ACFEB2B00DD76AC /* Frameworks */ = {
			isa = PBXGroup;
			children = (
				8EBBCC6E1ACFEB6000DD76AC /* Firebase.framework */,
				8EBBCC6C1ACFEB5300DD76AC /* SystemConfiguration.framework */,
				8EBBCC6A1ACFEB4B00DD76AC /* Security.framework */,
				8EBBCC681ACFEB4300DD76AC /* CFNetwork.framework */,
				8EBBCC661ACFEB3B00DD76AC /* libc++.dylib */,
				8EBBCC631ACFEB0500DD76AC /* libicucore.dylib */,
			);
			name = Frameworks;
			sourceTree = "<group>";
		};
		8EBBCC761ACFECF300DD76AC /* Firebase */ = {
			isa = PBXGroup;
			children = (
				8EBBCC731ACFECED00DD76AC /* FirebaseUtility.swift */,
			);
			name = Firebase;
			sourceTree = "<group>";
		};
		8EBBCC7A1ACFED0600DD76AC /* Bluetooth */ = {
			isa = PBXGroup;
			children = (
				8EBBCC771ACFECFE00DD76AC /* Bluetooth.swift */,
			);
			name = Bluetooth;
			sourceTree = "<group>";
		};
		8EBBCC7B1ACFED1A00DD76AC /* ViewControllers */ = {
			isa = PBXGroup;
			children = (
				8E5E40171AD011AA0034415C /* WelcomeViewController.swift */,
				8E7ED4291AFAF48100C1F01F /* PerformerViews */,
				8E34B5891B02C3B500EA687F /* SpectatorViews */,
			);
			name = ViewControllers;
			sourceTree = "<group>";
		};
		D05DE2701AD0E82200632353 /* SwiftyJSON */ = {
			isa = PBXGroup;
			children = (
				D05DE26E1AD0E80C00632353 /* SwiftyJSON.swift */,
			);
			name = SwiftyJSON;
			sourceTree = "<group>";
		};
/* End PBXGroup section */

/* Begin PBXNativeTarget section */
		8EBBCC241ACFC99900DD76AC /* TipYa */ = {
			isa = PBXNativeTarget;
			buildConfigurationList = 8EBBCC441ACFC99900DD76AC /* Build configuration list for PBXNativeTarget "TipYa" */;
			buildPhases = (
				8EBBCC211ACFC99900DD76AC /* Sources */,
				8EBBCC221ACFC99900DD76AC /* Frameworks */,
				8EBBCC231ACFC99900DD76AC /* Resources */,
			);
			buildRules = (
			);
			dependencies = (
			);
			name = TipYa;
			productName = TipYa;
			productReference = 8EBBCC251ACFC99900DD76AC /* TipYa.app */;
			productType = "com.apple.product-type.application";
		};
		8EBBCC391ACFC99900DD76AC /* TipYaTests */ = {
			isa = PBXNativeTarget;
			buildConfigurationList = 8EBBCC471ACFC99900DD76AC /* Build configuration list for PBXNativeTarget "TipYaTests" */;
			buildPhases = (
				8EBBCC361ACFC99900DD76AC /* Sources */,
				8EBBCC371ACFC99900DD76AC /* Frameworks */,
				8EBBCC381ACFC99900DD76AC /* Resources */,
			);
			buildRules = (
			);
			dependencies = (
				8EBBCC3C1ACFC99900DD76AC /* PBXTargetDependency */,
			);
			name = TipYaTests;
			productName = TipYaTests;
			productReference = 8EBBCC3A1ACFC99900DD76AC /* TipYaTests.xctest */;
			productType = "com.apple.product-type.bundle.unit-test";
		};
/* End PBXNativeTarget section */

/* Begin PBXProject section */
		8EBBCC1D1ACFC99900DD76AC /* Project object */ = {
			isa = PBXProject;
			attributes = {
				LastUpgradeCheck = 0620;
				ORGANIZATIONNAME = LAHacksDLNSJO;
				TargetAttributes = {
					8EBBCC241ACFC99900DD76AC = {
						CreatedOnToolsVersion = 6.2;
						DevelopmentTeam = K45HUS8C7P;
					};
					8EBBCC391ACFC99900DD76AC = {
						CreatedOnToolsVersion = 6.2;
						TestTargetID = 8EBBCC241ACFC99900DD76AC;
					};
				};
			};
			buildConfigurationList = 8EBBCC201ACFC99900DD76AC /* Build configuration list for PBXProject "TipYa" */;
			compatibilityVersion = "Xcode 3.2";
			developmentRegion = English;
			hasScannedForEncodings = 0;
			knownRegions = (
				en,
				Base,
			);
			mainGroup = 8EBBCC1C1ACFC99900DD76AC;
			productRefGroup = 8EBBCC261ACFC99900DD76AC /* Products */;
			projectDirPath = "";
			projectRoot = "";
			targets = (
				8EBBCC241ACFC99900DD76AC /* TipYa */,
				8EBBCC391ACFC99900DD76AC /* TipYaTests */,
			);
		};
/* End PBXProject section */

/* Begin PBXResourcesBuildPhase section */
		8EBBCC231ACFC99900DD76AC /* Resources */ = {
			isa = PBXResourcesBuildPhase;
			buildActionMask = 2147483647;
			files = (
				8EBBCC351ACFC99900DD76AC /* LaunchScreen.xib in Resources */,
				8E410CD41B02507600400308 /* TableViewCell.xib in Resources */,
				8ED210741ADF54ED0017A2D2 /* Main_iPhone_6.storyboard in Resources */,
				8EBBCC321ACFC99900DD76AC /* Images.xcassets in Resources */,
			);
			runOnlyForDeploymentPostprocessing = 0;
		};
		8EBBCC381ACFC99900DD76AC /* Resources */ = {
			isa = PBXResourcesBuildPhase;
			buildActionMask = 2147483647;
			files = (
			);
			runOnlyForDeploymentPostprocessing = 0;
		};
/* End PBXResourcesBuildPhase section */

/* Begin PBXSourcesBuildPhase section */
		8EBBCC211ACFC99900DD76AC /* Sources */ = {
			isa = PBXSourcesBuildPhase;
			buildActionMask = 2147483647;
			files = (
				8EBBCC781ACFECFE00DD76AC /* Bluetooth.swift in Sources */,
				8E5E40231AD01AE90034415C /* SpectatorIdentity.swift in Sources */,
				D05DE26F1AD0E80C00632353 /* SwiftyJSON.swift in Sources */,
				D01FD9FE1AD06C6000C999C6 /* PerformerInfoViewController.swift in Sources */,
				8E410CD31B02507600400308 /* TableViewCell.swift in Sources */,
				8E5E401A1AD011CE0034415C /* SpectatorViewController.swift in Sources */,
				8E5E40181AD011AA0034415C /* WelcomeViewController.swift in Sources */,
				D01FD9FA1AD0343A00C999C6 /* PerformanceControlViewController.swift in Sources */,
				8EBBCC2B1ACFC99900DD76AC /* AppDelegate.swift in Sources */,
				8EED97031B01F11F009A3836 /* ColorPalette.swift in Sources */,
				8EBBCC741ACFECED00DD76AC /* FirebaseUtility.swift in Sources */,
				8E5E40201AD01AD00034415C /* PerformerIdentity.swift in Sources */,
				D03012861AD0244B001F8549 /* PerformerLoginViewController.swift in Sources */,
			);
			runOnlyForDeploymentPostprocessing = 0;
		};
		8EBBCC361ACFC99900DD76AC /* Sources */ = {
			isa = PBXSourcesBuildPhase;
			buildActionMask = 2147483647;
			files = (
				8EBBCC411ACFC99900DD76AC /* TipYaTests.swift in Sources */,
			);
			runOnlyForDeploymentPostprocessing = 0;
		};
/* End PBXSourcesBuildPhase section */

/* Begin PBXTargetDependency section */
		8EBBCC3C1ACFC99900DD76AC /* PBXTargetDependency */ = {
			isa = PBXTargetDependency;
			target = 8EBBCC241ACFC99900DD76AC /* TipYa */;
			targetProxy = 8EBBCC3B1ACFC99900DD76AC /* PBXContainerItemProxy */;
		};
/* End PBXTargetDependency section */

/* Begin PBXVariantGroup section */
		8EBBCC331ACFC99900DD76AC /* LaunchScreen.xib */ = {
			isa = PBXVariantGroup;
			children = (
				8EBBCC341ACFC99900DD76AC /* Base */,
			);
			name = LaunchScreen.xib;
			sourceTree = "<group>";
		};
		8ED210721ADF54ED0017A2D2 /* Main_iPhone_6.storyboard */ = {
			isa = PBXVariantGroup;
			children = (
				8ED210731ADF54ED0017A2D2 /* Base */,
			);
			name = Main_iPhone_6.storyboard;
			sourceTree = "<group>";
		};
/* End PBXVariantGroup section */

/* Begin XCBuildConfiguration section */
		8EBBCC421ACFC99900DD76AC /* Debug */ = {
			isa = XCBuildConfiguration;
			buildSettings = {
				ALWAYS_SEARCH_USER_PATHS = NO;
				CLANG_CXX_LANGUAGE_STANDARD = "gnu++0x";
				CLANG_CXX_LIBRARY = "libc++";
				CLANG_ENABLE_MODULES = YES;
				CLANG_ENABLE_OBJC_ARC = YES;
				CLANG_WARN_BOOL_CONVERSION = YES;
				CLANG_WARN_CONSTANT_CONVERSION = YES;
				CLANG_WARN_DIRECT_OBJC_ISA_USAGE = YES_ERROR;
				CLANG_WARN_EMPTY_BODY = YES;
				CLANG_WARN_ENUM_CONVERSION = YES;
				CLANG_WARN_INT_CONVERSION = YES;
				CLANG_WARN_OBJC_ROOT_CLASS = YES_ERROR;
				CLANG_WARN_UNREACHABLE_CODE = YES;
				CLANG_WARN__DUPLICATE_METHOD_MATCH = YES;
				"CODE_SIGN_IDENTITY[sdk=iphoneos*]" = "iPhone Developer";
				COPY_PHASE_STRIP = NO;
				ENABLE_STRICT_OBJC_MSGSEND = YES;
				GCC_C_LANGUAGE_STANDARD = gnu99;
				GCC_DYNAMIC_NO_PIC = NO;
				GCC_OPTIMIZATION_LEVEL = 0;
				GCC_PREPROCESSOR_DEFINITIONS = (
					"DEBUG=1",
					"$(inherited)",
				);
				GCC_SYMBOLS_PRIVATE_EXTERN = NO;
				GCC_WARN_64_TO_32_BIT_CONVERSION = YES;
				GCC_WARN_ABOUT_RETURN_TYPE = YES_ERROR;
				GCC_WARN_UNDECLARED_SELECTOR = YES;
				GCC_WARN_UNINITIALIZED_AUTOS = YES_AGGRESSIVE;
				GCC_WARN_UNUSED_FUNCTION = YES;
				GCC_WARN_UNUSED_VARIABLE = YES;
				IPHONEOS_DEPLOYMENT_TARGET = 8.2;
				MTL_ENABLE_DEBUG_INFO = YES;
				ONLY_ACTIVE_ARCH = YES;
				SDKROOT = iphoneos;
				SWIFT_OPTIMIZATION_LEVEL = "-Onone";
				TARGETED_DEVICE_FAMILY = "1,2";
			};
			name = Debug;
		};
		8EBBCC431ACFC99900DD76AC /* Release */ = {
			isa = XCBuildConfiguration;
			buildSettings = {
				ALWAYS_SEARCH_USER_PATHS = NO;
				CLANG_CXX_LANGUAGE_STANDARD = "gnu++0x";
				CLANG_CXX_LIBRARY = "libc++";
				CLANG_ENABLE_MODULES = YES;
				CLANG_ENABLE_OBJC_ARC = YES;
				CLANG_WARN_BOOL_CONVERSION = YES;
				CLANG_WARN_CONSTANT_CONVERSION = YES;
				CLANG_WARN_DIRECT_OBJC_ISA_USAGE = YES_ERROR;
				CLANG_WARN_EMPTY_BODY = YES;
				CLANG_WARN_ENUM_CONVERSION = YES;
				CLANG_WARN_INT_CONVERSION = YES;
				CLANG_WARN_OBJC_ROOT_CLASS = YES_ERROR;
				CLANG_WARN_UNREACHABLE_CODE = YES;
				CLANG_WARN__DUPLICATE_METHOD_MATCH = YES;
				"CODE_SIGN_IDENTITY[sdk=iphoneos*]" = "iPhone Developer";
				COPY_PHASE_STRIP = NO;
				ENABLE_NS_ASSERTIONS = NO;
				ENABLE_STRICT_OBJC_MSGSEND = YES;
				GCC_C_LANGUAGE_STANDARD = gnu99;
				GCC_WARN_64_TO_32_BIT_CONVERSION = YES;
				GCC_WARN_ABOUT_RETURN_TYPE = YES_ERROR;
				GCC_WARN_UNDECLARED_SELECTOR = YES;
				GCC_WARN_UNINITIALIZED_AUTOS = YES_AGGRESSIVE;
				GCC_WARN_UNUSED_FUNCTION = YES;
				GCC_WARN_UNUSED_VARIABLE = YES;
				IPHONEOS_DEPLOYMENT_TARGET = 8.2;
				MTL_ENABLE_DEBUG_INFO = NO;
				SDKROOT = iphoneos;
				TARGETED_DEVICE_FAMILY = "1,2";
				VALIDATE_PRODUCT = YES;
			};
			name = Release;
		};
		8EBBCC451ACFC99900DD76AC /* Debug */ = {
			isa = XCBuildConfiguration;
			buildSettings = {
				ASSETCATALOG_COMPILER_APPICON_NAME = AppIcon;
				CLANG_ENABLE_MODULES = YES;
				CODE_SIGN_IDENTITY = "iPhone Developer";
				"CODE_SIGN_IDENTITY[sdk=iphoneos*]" = "iPhone Developer";
				FRAMEWORK_SEARCH_PATHS = (
					"$(inherited)",
					"$(PROJECT_DIR)",
				);
				INFOPLIST_FILE = TipYa/Info.plist;
				IPHONEOS_DEPLOYMENT_TARGET = 8.3;
				LD_RUNPATH_SEARCH_PATHS = "$(inherited) @executable_path/Frameworks";
				OTHER_LDFLAGS = "-ObjC";
				PRODUCT_NAME = "$(TARGET_NAME)";
				PROVISIONING_PROFILE = "";
				SWIFT_OBJC_BRIDGING_HEADER = "TipYa-Bridging-Header.h";
				SWIFT_OPTIMIZATION_LEVEL = "-Onone";
				TARGETED_DEVICE_FAMILY = "1,2";
			};
			name = Debug;
		};
		8EBBCC461ACFC99900DD76AC /* Release */ = {
			isa = XCBuildConfiguration;
			buildSettings = {
				ASSETCATALOG_COMPILER_APPICON_NAME = AppIcon;
				CLANG_ENABLE_MODULES = YES;
				CODE_SIGN_IDENTITY = "iPhone Developer";
				"CODE_SIGN_IDENTITY[sdk=iphoneos*]" = "iPhone Developer";
				FRAMEWORK_SEARCH_PATHS = (
					"$(inherited)",
					"$(PROJECT_DIR)",
				);
				INFOPLIST_FILE = TipYa/Info.plist;
				IPHONEOS_DEPLOYMENT_TARGET = 8.3;
				LD_RUNPATH_SEARCH_PATHS = "$(inherited) @executable_path/Frameworks";
				OTHER_LDFLAGS = "-ObjC";
				PRODUCT_NAME = "$(TARGET_NAME)";
				PROVISIONING_PROFILE = "";
				SWIFT_OBJC_BRIDGING_HEADER = "TipYa-Bridging-Header.h";
				TARGETED_DEVICE_FAMILY = "1,2";
			};
			name = Release;
		};
		8EBBCC481ACFC99900DD76AC /* Debug */ = {
			isa = XCBuildConfiguration;
			buildSettings = {
				BUNDLE_LOADER = "$(TEST_HOST)";
				FRAMEWORK_SEARCH_PATHS = (
					"$(SDKROOT)/Developer/Library/Frameworks",
					"$(inherited)",
				);
				GCC_PREPROCESSOR_DEFINITIONS = (
					"DEBUG=1",
					"$(inherited)",
				);
				INFOPLIST_FILE = TipYaTests/Info.plist;
				LD_RUNPATH_SEARCH_PATHS = "$(inherited) @executable_path/Frameworks @loader_path/Frameworks";
				PRODUCT_NAME = "$(TARGET_NAME)";
				TEST_HOST = "$(BUILT_PRODUCTS_DIR)/TipYa.app/TipYa";
			};
			name = Debug;
		};
		8EBBCC491ACFC99900DD76AC /* Release */ = {
			isa = XCBuildConfiguration;
			buildSettings = {
				BUNDLE_LOADER = "$(TEST_HOST)";
				FRAMEWORK_SEARCH_PATHS = (
					"$(SDKROOT)/Developer/Library/Frameworks",
					"$(inherited)",
				);
				INFOPLIST_FILE = TipYaTests/Info.plist;
				LD_RUNPATH_SEARCH_PATHS = "$(inherited) @executable_path/Frameworks @loader_path/Frameworks";
				PRODUCT_NAME = "$(TARGET_NAME)";
				TEST_HOST = "$(BUILT_PRODUCTS_DIR)/TipYa.app/TipYa";
			};
			name = Release;
		};
/* End XCBuildConfiguration section */

/* Begin XCConfigurationList section */
		8EBBCC201ACFC99900DD76AC /* Build configuration list for PBXProject "TipYa" */ = {
			isa = XCConfigurationList;
			buildConfigurations = (
				8EBBCC421ACFC99900DD76AC /* Debug */,
				8EBBCC431ACFC99900DD76AC /* Release */,
			);
			defaultConfigurationIsVisible = 0;
			defaultConfigurationName = Release;
		};
		8EBBCC441ACFC99900DD76AC /* Build configuration list for PBXNativeTarget "TipYa" */ = {
			isa = XCConfigurationList;
			buildConfigurations = (
				8EBBCC451ACFC99900DD76AC /* Debug */,
				8EBBCC461ACFC99900DD76AC /* Release */,
			);
			defaultConfigurationIsVisible = 0;
			defaultConfigurationName = Release;
		};
		8EBBCC471ACFC99900DD76AC /* Build configuration list for PBXNativeTarget "TipYaTests" */ = {
			isa = XCConfigurationList;
			buildConfigurations = (
				8EBBCC481ACFC99900DD76AC /* Debug */,
				8EBBCC491ACFC99900DD76AC /* Release */,
			);
			defaultConfigurationIsVisible = 0;
			defaultConfigurationName = Release;
		};
/* End XCConfigurationList section */
	};
	rootObject = 8EBBCC1D1ACFC99900DD76AC /* Project object */;
}
